{
  "lockfile-version": 1,
  "manifest": {
    "schema-version": "1.12.0",
    "install": {
      "air": {
        "pkg-path": "air"
      },
      "go": {
        "pkg-path": "go"
      },
      "tailwindcss": {
        "pkg-path": "tailwindcss"
      },
      "templ": {
        "pkg-path": "templ"
      }
    },
    "hook": {},
    "profile": {},
    "options": {}
  },
  "packages": [
    {
      "attr_path": "air",
      "broken": false,
      "derivation": "/nix/store/l4ijpjfi0vzk1c5164av4a8xk53ii397-air-1.65.3.drv",
      "description": "Live reload for Go apps",
      "install_id": "air",
      "license": "GPL-3.0-only",
      "locked_url": "https://github.com/flox/nixpkgs?rev=567a49d1913ce81ac6e9582e3553dd90a955875f",
      "name": "air-1.65.3",
      "pname": "air",
      "rev": "567a49d1913ce81ac6e9582e3553dd90a955875f",
      "rev_count": 1017464,
      "rev_date": "2026-06-16T02:33:49Z",
      "scrape_date": "2026-06-17T03:13:13.408245Z",
      "stabilities": [
        "staging",
        "unstable"
      ],
      "unfree": false,
      "version": "1.65.3",
      "outputs_to_install": [
        "out"
      ],
      "outputs": {
        "out": "/nix/store/yjx0hxnmx93ww8wnf99ar4wkbrx2whj5-air-1.65.3"
      },
      "system": "aarch64-darwin",
      "group": "toplevel",
      "priority": 5
    },
    {
      "attr_path": "air",
      "broken": false,
      "derivation": "/nix/store/9lv7bzzprdjl0b8ml6h80hr8drpj10zl-air-1.65.3.drv",
      "description": "Live reload for Go apps",
      "install_id": "air",
      "license": "GPL-3.0-only",
      "locked_url": "https://github.com/flox/nixpkgs?rev=567a49d1913ce81ac6e9582e3553dd90a955875f",
      "name": "air-1.65.3",
      "pname": "air",
      "rev": "567a49d1913ce81ac6e9582e3553dd90a955875f",
      "rev_count": 1017464,
      "rev_date": "2026-06-16T02:33:49Z",
      "scrape_date": "2026-06-17T03:44:07.746760Z",
      "stabilities": [
        "staging",
        "unstable"
      ],
      "unfree": false,
      "version": "1.65.3",
      "outputs_to_install": [
        "out"
      ],
      "outputs": {
        "out": "/nix/store/sqg8b00vjkaxsrzjmj1hxsvy8p8cfh9f-air-1.65.3"
      },
      "system": "aarch64-linux",
      "group": "toplevel",
      "priority": 5
    },
    {
      "attr_path": "air",
      "broken": false,
      "derivation": "/nix/store/dnnvzx35mwbs5w9zkhvgchpskyiaqmki-air-1.65.3.drv",
      "description": "Live reload for Go apps",
      "install_id": "air",
      "license": "GPL-3.0-only",
      "locked_url": "https://github.com/flox/nixpkgs?rev=567a49d1913ce81ac6e9582e3553dd90a955875f",
      "name": "air-1.65.3",
      "pname": "air",
      "rev": "567a49d1913ce81ac6e9582e3553dd90a955875f",
      "rev_count": 1017464,
      "rev_date": "2026-06-16T02:33:49Z",
      "scrape_date": "2026-06-17T04:13:05.710880Z",
      "stabilities": [
        "staging",
        "unstable"
      ],
      "unfree": false,
      "version": "1.65.3",
      "outputs_to_install": [
        "out"
      ],
      "outputs": {
        "out": "/nix/store/1zxdp4zbw1a4jpndgla0nyy26frw68k5-air-1.65.3"
      },
      "system": "x86_64-darwin",
      "group": "toplevel",
      "priority": 5
    },
    {
      "attr_path": "air",
      "broken": false,
      "derivation": "/nix/store/xcfzbm8dmvj9rh8s63wsnbjc1d4sy8jm-air-1.65.3.drv",
      "description": "Live reload for Go apps",
      "install_id": "air",
      "license": "GPL-3.0-only",
      "locked_url": "https://github.com/flox/nixpkgs?rev=567a49d1913ce81ac6e9582e3553dd90a955875f",
      "name": "air-1.65.3",
      "pname": "air",
      "rev": "567a49d1913ce81ac6e9582e3553dd90a955875f",
      "rev_count": 1017464,
      "rev_date": "2026-06-16T02:33:49Z",
      "scrape_date": "2026-06-17T04:47:03.702274Z",
      "stabilities": [
        "staging",
        "unstable"
      ],
      "unfree": false,
      "version": "1.65.3",
      "outputs_to_install": [
        "out"
      ],
      "outputs": {
        "out": "/nix/store/bxkaglgz5y5fp2d0ry3c2b5f7wad13dm-air-1.65.3"
      },
      "system": "x86_64-linux",
      "group": "toplevel",
      "priority": 5
    },
    {
      "attr_path": "go",
      "broken": false,
      "derivation": "/nix/store/3wcz439vgpp14pn7jmfnhj1gfjz16pfm-go-1.26.3.drv",
      "description": "Go Programming language",
      "install_id": "go",
      "license": "BSD-3-Clause",
      "locked_url": "https://github.com/flox/nixpkgs?rev=567a49d1913ce81ac6e9582e3553dd90a955875f",
      "name": "go-1.26.3",
      "pname": "go",
      "rev": "567a49d1913ce81ac6e9582e3553dd90a955875f",
      "rev_count": 1017464,
      "rev_date": "2026-06-16T02:33:49Z",
      "scrape_date": "2026-06-17T03:13:14.979907Z",
      "stabilities": [
        "staging",
        "unstable"
      ],
      "unfree": false,
      "version": "1.26.3",
      "outputs_to_install": [
        "out"
      ],
      "outputs": {
        "out": "/nix/store/7ycp8j45iay38g9mjaxmy4jhwdsrb47y-go-1.26.3"
      },
      "system": "aarch64-darwin",
      "group": "toplevel",
      "priority": 5
    },
    {
      "attr_path": "go",
      "broken": false,
      "derivation": "/nix/store/350ianh8b5f8pz5rb79f6hbjkzyglzn5-go-1.26.3.drv",
      "description": "Go Programming language",
      "install_id": "go",
      "license": "BSD-3-Clause",
      "locked_url": "https://github.com/flox/nixpkgs?rev=567a49d1913ce81ac6e9582e3553dd90a955875f",
      "name": "go-1.26.3",
      "pname": "go",
      "rev": "567a49d1913ce81ac6e9582e3553dd90a955875f",
      "rev_count": 1017464,
      "rev_date": "2026-06-16T02:33:49Z",
      "scrape_date": "2026-06-17T03:44:10.523965Z",
      "stabilities": [
        "staging",
        "unstable"
      ],
      "unfree": false,
      "version": "1.26.3",
      "outputs_to_install": [
        "out"
      ],
      "outputs": {
        "out": "/nix/store/jkcwcbwvhgzmxg59798z4clmj4bfv42i-go-1.26.3"
      },
      "system": "aarch64-linux",
      "group": "toplevel",
      "priority": 5
    },
    {
      "attr_path": "go",
      "broken": false,
      "derivation": "/nix/store/7injq3dc4gh49fwhgh403kf7n1y6f9ci-go-1.26.3.drv",
      "description": "Go Programming language",
      "install_id": "go",
      "license": "BSD-3-Clause",
      "locked_url": "https://github.com/flox/nixpkgs?rev=567a49d1913ce81ac6e9582e3553dd90a955875f",
      "name": "go-1.26.3",
      "pname": "go",
      "rev": "567a49d1913ce81ac6e9582e3553dd90a955875f",
      "rev_count": 1017464,
      "rev_date": "2026-06-16T02:33:49Z",
      "scrape_date": "2026-06-17T04:13:07.336579Z",
      "stabilities": [
        "staging",
        "unstable"
      ],
      "unfree": false,
      "version": "1.26.3",
      "outputs_to_install": [
        "out"
      ],
      "outputs": {
        "out": "/nix/store/3f2jzvxmhhlarjqxy1p7i9r5l34siz29-go-1.26.3"
      },
      "system": "x86_64-darwin",
      "group": "toplevel",
      "priority": 5
    },
    {
      "attr_path": "go",
      "broken": false,
      "derivation": "/nix/store/zalhv7i71i9c3v7vm61psf2arglbzjfg-go-1.26.3.drv",
      "description": "Go Programming language",
      "install_id": "go",
      "license": "BSD-3-Clause",
      "locked_url": "https://github.com/flox/nixpkgs?rev=567a49d1913ce81ac6e9582e3553dd90a955875f",
      "name": "go-1.26.3",
      "pname": "go",
      "rev": "567a49d1913ce81ac6e9582e3553dd90a955875f",
      "rev_count": 1017464,
      "rev_date": "2026-06-16T02:33:49Z",
      "scrape_date": "2026-06-17T04:47:06.772425Z",
      "stabilities": [
        "staging",
        "unstable"
      ],
      "unfree": false,
      "version": "1.26.3",
      "outputs_to_install": [
        "out",
        "out"
      ],
      "outputs": {
        "out": "/nix/store/33fw5m31lfcnk4ff2f0df7j2bxnh8lgk-go-1.26.3"
      },
      "system": "x86_64-linux",
      "group": "toplevel",
      "priority": 5
    },
    {
      "attr_path": "tailwindcss",
      "broken": false,
      "derivation": "/nix/store/g7f4k5w8pvnd7ixd5hh7n47sjgds8bwk-tailwindcss_3-3.4.17.drv",
      "description": "Command-line tool for the CSS framework with composable CSS classes, standalone CLI",
      "install_id": "tailwindcss",
      "license": "MIT",
      "locked_url": "https://github.com/flox/nixpkgs?rev=567a49d1913ce81ac6e9582e3553dd90a955875f",
      "name": "tailwindcss_3-3.4.17",
      "pname": "tailwindcss",
      "rev": "567a49d1913ce81ac6e9582e3553dd90a955875f",
      "rev_count": 1017464,
      "rev_date": "2026-06-16T02:33:49Z",
      "scrape_date": "2026-06-17T03:15:15.959688Z",
      "stabilities": [
        "staging",
        "unstable"
      ],
      "unfree": false,
      "version": "tailwindcss_3-3.4.17",
      "outputs_to_install": [
        "out"
      ],
      "outputs": {
        "out": "/nix/store/7hd2h1jlci2cwahkv1hfbw673h4gpzay-tailwindcss_3-3.4.17"
      },
      "system": "aarch64-darwin",
      "group": "toplevel",
      "priority": 5
    },
    {
      "attr_path": "tailwindcss",
      "broken": false,
      "derivation": "/nix/store/i2p8pr1wrq5g5xhwr809yr52d59xx37v-tailwindcss_3-3.4.17.drv",
      "description": "Command-line tool for the CSS framework with composable CSS classes, standalone CLI",
      "install_id": "tailwindcss",
      "license": "MIT",
      "locked_url": "https://github.com/flox/nixpkgs?rev=567a49d1913ce81ac6e9582e3553dd90a955875f",
      "name": "tailwindcss_3-3.4.17",
      "pname": "tailwindcss",
      "rev": "567a49d1913ce81ac6e9582e3553dd90a955875f",
      "rev_count": 1017464,
      "rev_date": "2026-06-16T02:33:49Z",
      "scrape_date": "2026-06-17T03:46:43.645563Z",
      "stabilities": [
        "staging",
        "unstable"
      ],
      "unfree": false,
      "version": "tailwindcss_3-3.4.17",
      "outputs_to_install": [
        "out"
      ],
      "outputs": {
        "out": "/nix/store/rvj7893qyy2izkpw3xxws36ql73sp5zw-tailwindcss_3-3.4.17"
      },
      "system": "aarch64-linux",
      "group": "toplevel",
      "priority": 5
    },
    {
      "attr_path": "tailwindcss",
      "broken": false,
      "derivation": "/nix/store/l5yzq4nrkhbg20iqg985s2fygcgvzvw5-tailwindcss_3-3.4.17.drv",
      "description": "Command-line tool for the CSS framework with composable CSS classes, standalone CLI",
      "install_id": "tailwindcss",
      "license": "MIT",
      "locked_url": "https://github.com/flox/nixpkgs?rev=567a49d1913ce81ac6e9582e3553dd90a955875f",
      "name": "tailwindcss_3-3.4.17",
      "pname": "tailwindcss",
      "rev": "567a49d1913ce81ac6e9582e3553dd90a955875f",
      "rev_count": 1017464,
      "rev_date": "2026-06-16T02:33:49Z",
      "scrape_date": "2026-06-17T04:15:09.585603Z",
      "stabilities": [
        "staging",
        "unstable"
      ],
      "unfree": false,
      "version": "tailwindcss_3-3.4.17",
      "outputs_to_install": [
        "out"
      ],
      "outputs": {
        "out": "/nix/store/c7q61766fs1a5y9s6l1fnmg003r0x3jx-tailwindcss_3-3.4.17"
      },
      "system": "x86_64-darwin",
      "group": "toplevel",
      "priority": 5
    },
    {
      "attr_path": "tailwindcss",
      "broken": false,
      "derivation": "/nix/store/lci8fh3pd20ssf41f1aa5nrqgih9fxlx-tailwindcss_3-3.4.17.drv",
      "description": "Command-line tool for the CSS framework with composable CSS classes, standalone CLI",
      "install_id": "tailwindcss",
      "license": "MIT",
      "locked_url": "https://github.com/flox/nixpkgs?rev=567a49d1913ce81ac6e9582e3553dd90a955875f",
      "name": "tailwindcss_3-3.4.17",
      "pname": "tailwindcss",
      "rev": "567a49d1913ce81ac6e9582e3553dd90a955875f",
      "rev_count": 1017464,
      "rev_date": "2026-06-16T02:33:49Z",
      "scrape_date": "2026-06-17T04:49:46.984916Z",
      "stabilities": [
        "staging",
        "unstable"
      ],
      "unfree": false,
      "version": "tailwindcss_3-3.4.17",
      "outputs_to_install": [
        "out"
      ],
      "outputs": {
        "out": "/nix/store/mjjj15igwh541fcn9sq84l13ph3z4bp4-tailwindcss_3-3.4.17"
      },
      "system": "x86_64-linux",
      "group": "toplevel",
      "priority": 5
    },
    {
      "attr_path": "templ",
      "broken": false,
      "derivation": "/nix/store/2146pg5jrylz1i6sibzfjyn1kmxnbf2v-templ-0.3.1001.drv",
      "description": "Language for writing HTML user interfaces in Go",
      "install_id": "templ",
      "license": "MIT",
      "locked_url": "https://github.com/flox/nixpkgs?rev=567a49d1913ce81ac6e9582e3553dd90a955875f",
      "name": "templ-0.3.1001",
      "pname": "templ",
      "rev": "567a49d1913ce81ac6e9582e3553dd90a955875f",
      "rev_count": 1017464,
      "rev_date": "2026-06-16T02:33:49Z",
      "scrape_date": "2026-06-17T03:15:16.667691Z",
      "stabilities": [
        "staging",
        "unstable"
      ],
      "unfree": false,
      "version": "0.3.1001",
      "outputs_to_install": [
        "out"
      ],
      "outputs": {
        "out": "/nix/store/fi02gfp6i0qig7vwkawvddh33asqszb3-templ-0.3.1001"
      },
      "system": "aarch64-darwin",
      "group": "toplevel",
      "priority": 5
    },
    {
      "attr_path": "templ",
      "broken": false,
      "derivation": "/nix/store/f09949h4bqgx54vwskkwz5i05gl3qr4f-templ-0.3.1001.drv",
      "description": "Language for writing HTML user interfaces in Go",
      "install_id": "templ",
      "license": "MIT",
      "locked_url": "https://github.com/flox/nixpkgs?rev=567a49d1913ce81ac6e9582e3553dd90a955875f",
      "name": "templ-0.3.1001",
      "pname": "templ",
      "rev": "567a49d1913ce81ac6e9582e3553dd90a955875f",
      "rev_count": 1017464,
      "rev_date": "2026-06-16T02:33:49Z",
      "scrape_date": "2026-06-17T03:46:44.609813Z",
      "stabilities": [
        "staging",
        "unstable"
      ],
      "unfree": false,
      "version": "0.3.1001",
      "outputs_to_install": [
        "out"
      ],
      "outputs": {
        "out": "/nix/store/7my5y7wvdp3hvk536r84sx90v5c6kb66-templ-0.3.1001"
      },
      "system": "aarch64-linux",
      "group": "toplevel",
      "priority": 5
    },
    {
      "attr_path": "templ",
      "broken": false,
      "derivation": "/nix/store/3ri5ksmh2w0pgwfw58ilv7h8n2v3c3ij-templ-0.3.1001.drv",
      "description": "Language for writing HTML user interfaces in Go",
      "install_id": "templ",
      "license": "MIT",
      "locked_url": "https://github.com/flox/nixpkgs?rev=567a49d1913ce81ac6e9582e3553dd90a955875f",
      "name": "templ-0.3.1001",
      "pname": "templ",
      "rev": "567a49d1913ce81ac6e9582e3553dd90a955875f",
      "rev_count": 1017464,
      "rev_date": "2026-06-16T02:33:49Z",
      "scrape_date": "2026-06-17T04:15:10.299696Z",
      "stabilities": [
        "staging",
        "unstable"
      ],
      "unfree": false,
      "version": "0.3.1001",
      "outputs_to_install": [
        "out"
      ],
      "outputs": {
        "out": "/nix/store/vjwxxmrdx2v14h69y80rh44xhv95zi5i-templ-0.3.1001"
      },
      "system": "x86_64-darwin",
      "group": "toplevel",
      "priority": 5
    },
    {
      "attr_path": "templ",
      "broken": false,
      "derivation": "/nix/store/k127q712p4jhjdakwfcgdzminjxpnns8-templ-0.3.1001.drv",
      "description": "Language for writing HTML user interfaces in Go",
      "install_id": "templ",
      "license": "MIT",
      "locked_url": "https://github.com/flox/nixpkgs?rev=567a49d1913ce81ac6e9582e3553dd90a955875f",
      "name": "templ-0.3.1001",
      "pname": "templ",
      "rev": "567a49d1913ce81ac6e9582e3553dd90a955875f",
      "rev_count": 1017464,
      "rev_date": "2026-06-16T02:33:49Z",
      "scrape_date": "2026-06-17T04:49:47.976956Z",
      "stabilities": [
        "staging",
        "unstable"
      ],
      "unfree": false,
      "version": "0.3.1001",
      "outputs_to_install": [
        "out"
      ],
      "outputs": {
        "out": "/nix/store/3v1yrigj9qfl2ln5rw6v7d9zpci4p7p4-templ-0.3.1001"
      },
      "system": "x86_64-linux",
      "group": "toplevel",
      "priority": 5
    }
  ]
}
